
Microsoft Visual Studio Solution File, Format Version 12.00
# Visual Studio Version 17
VisualStudioVersion = 17.1.32328.378
MinimumVisualStudioVersion = 10.0.40219.1
Project("{F184B08F-C81C-45F6-A57F-5ABD9991F28F}") = "MantenimientodeUsuarios", "MantenimientodeUsuarios.vbproj", "{B9097F00-F8DC-4CB5-B37C-EA4E2B66F1C3}"
EndProject
Global
	GlobalSection(SolutionConfigurationPlatforms) = preSolution
		Debug|Any CPU = Debug|Any CPU
		Release|Any CPU = Release|Any CPU
	EndGlobalSection
	GlobalSection(ProjectConfigurationPlatforms) = postSolution
		{B9097F00-F8DC-4CB5-B37C-EA4E2B66F1C3}.Debug|Any CPU.ActiveCfg = Debug|Any CPU
		{B9097F00-F8DC-4CB5-B37C-EA4E2B66F1C3}.Debug|Any CPU.Build.0 = Debug|Any CPU
		{B9097F00-F8DC-4CB5-B37C-EA4E2B66F1C3}.Release|Any CPU.ActiveCfg = Release|Any CPU
		{B9097F00-F8DC-4CB5-B37C-EA4E2B66F1C3}.Release|Any CPU.Build.0 = Release|Any CPU
	EndGlobalSection
	GlobalSection(SolutionProperties) = preSolution
		HideSolutionNode = FALSE
	EndGlobalSection
	GlobalSection(ExtensibilityGlobals) = postSolution
		SolutionGuid = {1A432C80-9C49-4624-B194-E48C724DCCD7}
	EndGlobalSection
EndGlobal
